
Microsoft Visual Studio Solution File, Format Version 12.00
# Visual Studio Version 16
VisualStudioVersion = 16.0.31005.135
MinimumVisualStudioVersion = 10.0.40219.1
Project("{FAE04EC0-301F-11D3-BF4B-00C04F79EFBC}") = "PX3.Android", "PX3\PX3.Android\PX3.Android.csproj", "{6781BC2C-77C3-4609-94F3-3C48014E520D}"
EndProject
Project("{FAE04EC0-301F-11D3-BF4B-00C04F79EFBC}") = "PX3", "PX3\PX3\PX3.csproj", "{EB0993E5-94C9-4801-9447-EA5EAC6665CC}"
EndProject
Global
	GlobalSection(SolutionConfigurationPlatforms) = preSolution
		Debug|Any CPU = Debug|Any CPU
		Release|Any CPU = Release|Any CPU
	EndGlobalSection
	GlobalSection(ProjectConfigurationPlatforms) = postSolution
		{6781BC2C-77C3-4609-94F3-3C48014E520D}.Debug|Any CPU.ActiveCfg = Debug|Any CPU
		{6781BC2C-77C3-4609-94F3-3C48014E520D}.Debug|Any CPU.Build.0 = Debug|Any CPU
		{6781BC2C-77C3-4609-94F3-3C48014E520D}.Debug|Any CPU.Deploy.0 = Debug|Any CPU
		{6781BC2C-77C3-4609-94F3-3C48014E520D}.Release|Any CPU.ActiveCfg = Release|Any CPU
		{6781BC2C-77C3-4609-94F3-3C48014E520D}.Release|Any CPU.Build.0 = Release|Any CPU
		{6781BC2C-77C3-4609-94F3-3C48014E520D}.Release|Any CPU.Deploy.0 = Release|Any CPU
		{EB0993E5-94C9-4801-9447-EA5EAC6665CC}.Debug|Any CPU.ActiveCfg = Debug|Any CPU
		{EB0993E5-94C9-4801-9447-EA5EAC6665CC}.Debug|Any CPU.Build.0 = Debug|Any CPU
		{EB0993E5-94C9-4801-9447-EA5EAC6665CC}.Debug|Any CPU.Deploy.0 = Debug|Any CPU
		{EB0993E5-94C9-4801-9447-EA5EAC6665CC}.Release|Any CPU.ActiveCfg = Release|Any CPU
		{EB0993E5-94C9-4801-9447-EA5EAC6665CC}.Release|Any CPU.Build.0 = Release|Any CPU
		{EB0993E5-94C9-4801-9447-EA5EAC6665CC}.Release|Any CPU.Deploy.0 = Release|Any CPU
	EndGlobalSection
	GlobalSection(SolutionProperties) = preSolution
		HideSolutionNode = FALSE
	EndGlobalSection
	GlobalSection(ExtensibilityGlobals) = postSolution
		SolutionGuid = {BC2EFE8B-F263-433C-A361-DC0A28A346EA}
	EndGlobalSection
EndGlobal
